<?xml version="1.0" encoding="utf-8"?>
<Project ToolsVersion="4.0" xmlns="http://schemas.microsoft.com/developer/msbuild/2003">
  <ItemGroup>
    <ClCompile Include="main.cpp" />
    <ClCompile Include="raytracing.cpp" />
    <ClCompile Include="RayTracer.cpp">
      <Filter>Ray Tracers</Filter>
    </ClCompile>
    <ClCompile Include="IRayTracer.cpp">
      <Filter>Ray Tracers</Filter>
    </ClCompile>
    <ClCompile Include="Scene.cpp" />
    <ClCompile Include="NoAccelerationStructure.cpp">
      <Filter>Acceleration Structures</Filter>
    </ClCompile>
    <ClCompile Include="IAccelerationStructure.cpp">
      <Filter>Acceleration Structures</Filter>
    </ClCompile>
    <ClCompile Include="ICamera.cpp">
      <Filter>Cameras</Filter>
    </ClCompile>
    <ClCompile Include="PerspectiveCamera.cpp">
      <Filter>Cameras</Filter>
    </ClCompile>
    <ClCompile Include="TriangleGeometry.cpp">
      <Filter>Geometry</Filter>
    </ClCompile>
    <ClCompile Include="IGeometry.cpp">
      <Filter>Geometry</Filter>
    </ClCompile>
    <ClCompile Include="MeshGeometry.cpp">
      <Filter>Geometry</Filter>
    </ClCompile>
    <ClCompile Include="BaseTriangleGeometry.cpp">
      <Filter>Geometry</Filter>
    </ClCompile>
    <ClCompile Include="MeshTriangleGeometry.cpp">
      <Filter>Geometry</Filter>
    </ClCompile>
    <ClCompile Include="PointLight.cpp">
      <Filter>Lights</Filter>
    </ClCompile>
    <ClCompile Include="ILight.cpp">
      <Filter>Lights</Filter>
    </ClCompile>
    <ClCompile Include="IMaterial.cpp">
      <Filter>Materials</Filter>
    </ClCompile>
    <ClCompile Include="ITexture.cpp">
      <Filter>Textures</Filter>
    </ClCompile>
    <ClCompile Include="ConstantTexture.cpp">
      <Filter>Textures</Filter>
    </ClCompile>
    <ClCompile Include="DiffuseMaterial.cpp">
      <Filter>Materials</Filter>
    </ClCompile>
    <ClCompile Include="Constants.cpp">
      <Filter>Other</Filter>
    </ClCompile>
    <ClCompile Include="Random.cpp">
      <Filter>Other</Filter>
    </ClCompile>
    <ClCompile Include="mesh.cpp" />
    <ClCompile Include="Image.cpp">
      <Filter>Other</Filter>
    </ClCompile>
    <ClCompile Include="RayIntersection.cpp" />
    <ClCompile Include="SurfacePoint.cpp" />
    <ClCompile Include="BTree.cpp">
      <Filter>Acceleration Structures</Filter>
    </ClCompile>
    <ClCompile Include="BTreeNode.cpp">
      <Filter>Acceleration Structures</Filter>
    </ClCompile>
    <ClCompile Include="BoundingBox.cpp" />
    <ClCompile Include="LambertianBRDF.cpp">
      <Filter>Materials\BRDF</Filter>
    </ClCompile>
    <ClCompile Include="OrenNayarBRDF.cpp">
      <Filter>Materials\BRDF</Filter>
    </ClCompile>
    <ClCompile Include="BlinnPhongBRDF.cpp">
      <Filter>Materials\BRDF</Filter>
    </ClCompile>
    <ClCompile Include="PhongBRDF.cpp">
      <Filter>Materials\BRDF</Filter>
    </ClCompile>
    <ClCompile Include="Texture.cpp">
      <Filter>Textures</Filter>
    </ClCompile>
    <ClCompile Include="BRDF.cpp">
      <Filter>Materials\BRDF</Filter>
    </ClCompile>
    <ClCompile Include="BTreeAccelerator.cpp">
      <Filter>Acceleration Structures</Filter>
    </ClCompile>
    <ClCompile Include="SphereGeometry.cpp">
      <Filter>Geometry</Filter>
    </ClCompile>
    <ClCompile Include="Testing.cpp" />
  </ItemGroup>
  <ItemGroup>
    <ClInclude Include="matrix.h" />
    <ClInclude Include="raytracing.h" />
    <ClInclude Include="traqueboule.h" />
    <ClInclude Include="Vec3D.h" />
    <ClInclude Include="IRayTracer.h">
      <Filter>Ray Tracers</Filter>
    </ClInclude>
    <ClInclude Include="RayTracer.h">
      <Filter>Ray Tracers</Filter>
    </ClInclude>
    <ClInclude Include="IAccelerationStructure.h">
      <Filter>Acceleration Structures</Filter>
    </ClInclude>
    <ClInclude Include="NoAccelerationStructure.h">
      <Filter>Acceleration Structures</Filter>
    </ClInclude>
    <ClInclude Include="ICamera.h">
      <Filter>Cameras</Filter>
    </ClInclude>
    <ClInclude Include="PerspectiveCamera.h">
      <Filter>Cameras</Filter>
    </ClInclude>
    <ClInclude Include="ILight.h">
      <Filter>Lights</Filter>
    </ClInclude>
    <ClInclude Include="IGeometry.h">
      <Filter>Geometry</Filter>
    </ClInclude>
    <ClInclude Include="TriangleGeometry.h">
      <Filter>Geometry</Filter>
    </ClInclude>
    <ClInclude Include="Scene.h" />
    <ClInclude Include="MeshGeometry.h">
      <Filter>Geometry</Filter>
    </ClInclude>
    <ClInclude Include="BaseTriangleGeometry.h">
      <Filter>Geometry</Filter>
    </ClInclude>
    <ClInclude Include="MeshTriangleGeometry.h">
      <Filter>Geometry</Filter>
    </ClInclude>
    <ClInclude Include="PointLight.h">
      <Filter>Lights</Filter>
    </ClInclude>
    <ClInclude Include="IMaterial.h">
      <Filter>Materials</Filter>
    </ClInclude>
    <ClInclude Include="ITexture.h">
      <Filter>Textures</Filter>
    </ClInclude>
    <ClInclude Include="ConstantTexture.h">
      <Filter>Textures</Filter>
    </ClInclude>
    <ClInclude Include="BTree.h">
      <Filter>Acceleration Structures</Filter>
    </ClInclude>
    <ClInclude Include="DiffuseMaterial.h">
      <Filter>Materials</Filter>
    </ClInclude>
    <ClInclude Include="Constants.h">
      <Filter>Other</Filter>
    </ClInclude>
    <ClInclude Include="Random.h">
      <Filter>Other</Filter>
    </ClInclude>
    <ClInclude Include="mesh.h" />
    <ClInclude Include="Vertex.h" />
    <ClInclude Include="Image.h">
      <Filter>Other</Filter>
    </ClInclude>
    <ClInclude Include="RGBValue.h">
      <Filter>Other</Filter>
    </ClInclude>
    <ClInclude Include="RayIntersection.h" />
    <ClInclude Include="SurfacePoint.h" />
    <ClInclude Include="BTreeNode.h">
      <Filter>Acceleration Structures</Filter>
    </ClInclude>
    <ClInclude Include="BRDF.h">
      <Filter>Materials\BRDF</Filter>
    </ClInclude>
    <ClInclude Include="Vec2D.h" />
    <ClInclude Include="BoundingBox.h" />
    <ClInclude Include="LambertianBRDF.h">
      <Filter>Materials\BRDF</Filter>
    </ClInclude>
    <ClInclude Include="OrenNayarBRDF.h">
      <Filter>Materials\BRDF</Filter>
    </ClInclude>
    <ClInclude Include="BlinnPhongBRDF.h">
      <Filter>Materials\BRDF</Filter>
    </ClInclude>
    <ClInclude Include="PhongBRDF.h">
      <Filter>Materials\BRDF</Filter>
    </ClInclude>
    <ClInclude Include="Texture.h">
      <Filter>Textures</Filter>
    </ClInclude>
    <ClInclude Include="BTreeAccelerator.h">
      <Filter>Acceleration Structures</Filter>
    </ClInclude>
    <ClInclude Include="SphereGeometry.h">
      <Filter>Geometry</Filter>
    </ClInclude>
    <ClInclude Include="Testing.h" />
  </ItemGroup>
  <ItemGroup>
    <Filter Include="Acceleration Structures">
      <UniqueIdentifier>{986df72d-7a2f-4d12-99ad-f6235ea80ab6}</UniqueIdentifier>
    </Filter>
    <Filter Include="Ray Tracers">
      <UniqueIdentifier>{edef72d9-5146-4b91-95fe-c2233047f2ab}</UniqueIdentifier>
    </Filter>
    <Filter Include="Cameras">
      <UniqueIdentifier>{274b87e5-c40d-4138-836a-1f94a77541e7}</UniqueIdentifier>
    </Filter>
    <Filter Include="Geometry">
      <UniqueIdentifier>{2225b482-66bf-4432-b1c8-4f58af704144}</UniqueIdentifier>
    </Filter>
    <Filter Include="Lights">
      <UniqueIdentifier>{71da2712-b1af-493e-9b55-3c2bbf440d52}</UniqueIdentifier>
    </Filter>
    <Filter Include="Materials">
      <UniqueIdentifier>{32734b41-d502-4dce-b563-748a3108cdfc}</UniqueIdentifier>
    </Filter>
    <Filter Include="Textures">
      <UniqueIdentifier>{7d3d5202-31bc-4dcb-8a53-2ffb42031773}</UniqueIdentifier>
    </Filter>
    <Filter Include="Other">
      <UniqueIdentifier>{10fe0544-8192-48af-b9a4-4080034d8e99}</UniqueIdentifier>
    </Filter>
    <Filter Include="Materials\BRDF">
      <UniqueIdentifier>{a005a956-ed3b-4ed5-8d20-99e8750f3c5a}</UniqueIdentifier>
    </Filter>
    <Filter Include="Testing">
      <UniqueIdentifier>{da648214-ecd4-410b-a764-86224e650426}</UniqueIdentifier>
    </Filter>
  </ItemGroup>
</Project>